PODS:
  - AWSCognito (2.5.6):
    - AWSCore (= 2.5.6)
  - AWSCore (2.5.6)
  - AWSKinesis (2.5.6):
    - AWSCore (= 2.5.6)
  - Bolts (1.8.4):
    - Bolts/AppLinks (= 1.8.4)
    - Bolts/Tasks (= 1.8.4)
  - Bolts/AppLinks (1.8.4):
    - Bolts/Tasks
  - Bolts/Tasks (1.8.4)
  - FBSDKCoreKit (4.24.0):
    - Bolts (~> 1.7)
  - FBSDKLoginKit (4.24.0):
    - FBSDKCoreKit
  - FBSDKShareKit (4.24.0):
    - FBSDKCoreKit
  - Mixpanel (3.0.8):
    - Mixpanel/Mixpanel (= 3.0.8)
  - Mixpanel/Mixpanel (3.0.8)

DEPENDENCIES:
  - AWSCognito
  - AWSKinesis
  - FBSDKCoreKit
  - FBSDKLoginKit
  - FBSDKShareKit
  - Mixpanel

SPEC CHECKSUMS:
  AWSCognito: 18edcf80780d45229371dc954c77c825c617f9c4
  AWSCore: 47109d026cdbc1272624caa73114fbdd2ba3ad66
  AWSKinesis: fcd6511b82be0b48c423838de52519e158ba46eb
  Bolts: 8a7995239dbe724f9cba2248b766d48b7ebdd322
  FBSDKCoreKit: f8c9eb0dd34a9cd277c7b60da4b32226d142502d
  FBSDKLoginKit: 1214c6d5a1c4995b694d8db8a9ba6910c6028acf
  FBSDKShareKit: a2ed9d7781a4eda9ac20d7404305e795b10251ac
  Mixpanel: 550a23d5dd95f8e9cda21e697661ffddbc8da46b

PODFILE CHECKSUM: 5714ff1f6e95426626e034b0704537c4b438708e

COCOAPODS: 1.2.1
